
Microsoft Visual Studio Solution File, Format Version 12.00
# Visual Studio 15
VisualStudioVersion = 15.0.28307.1259
MinimumVisualStudioVersion = 10.0.40219.1
Project("{FAE04EC0-301F-11D3-BF4B-00C04F79EFBC}") = "list_to_ar", "list_to_ar\list_to_ar.csproj", "{A33C7697-83F2-41C0-BC21-72EF14B5A4AB}"
EndProject
Global
	GlobalSection(SolutionConfigurationPlatforms) = preSolution
		Debug|Any CPU = Debug|Any CPU
		Release|Any CPU = Release|Any CPU
	EndGlobalSection
	GlobalSection(ProjectConfigurationPlatforms) = postSolution
		{A33C7697-83F2-41C0-BC21-72EF14B5A4AB}.Debug|Any CPU.ActiveCfg = Debug|Any CPU
		{A33C7697-83F2-41C0-BC21-72EF14B5A4AB}.Debug|Any CPU.Build.0 = Debug|Any CPU
		{A33C7697-83F2-41C0-BC21-72EF14B5A4AB}.Release|Any CPU.ActiveCfg = Release|Any CPU
		{A33C7697-83F2-41C0-BC21-72EF14B5A4AB}.Release|Any CPU.Build.0 = Release|Any CPU
	EndGlobalSection
	GlobalSection(SolutionProperties) = preSolution
		HideSolutionNode = FALSE
	EndGlobalSection
	GlobalSection(ExtensibilityGlobals) = postSolution
		SolutionGuid = {F8F2F2B2-32DC-46D5-BBE3-3FA6B83543AE}
	EndGlobalSection
EndGlobal
